// !$*UTF8*$!
{
	archiveVersion = 1;
	classes = {
	};
	objectVersion = 52;
	objects = {

/* Begin PBXBuildFile section */
		953A9A60263F2014009F2601 /* AppDelegate.swift in Sources */ = {isa = PBXBuildFile; fileRef = 953A9A5F263F2014009F2601 /* AppDelegate.swift */; };
		953A9A62263F2014009F2601 /* SceneDelegate.swift in Sources */ = {isa = PBXBuildFile; fileRef = 953A9A61263F2014009F2601 /* SceneDelegate.swift */; };
		953A9A64263F2014009F2601 /* ViewController.swift in Sources */ = {isa = PBXBuildFile; fileRef = 953A9A63263F2014009F2601 /* ViewController.swift */; };
		953A9A67263F2014009F2601 /* Main.storyboard in Resources */ = {isa = PBXBuildFile; fileRef = 953A9A65263F2014009F2601 /* Main.storyboard */; };
		953A9A69263F2016009F2601 /* Assets.xcassets in Resources */ = {isa = PBXBuildFile; fileRef = 953A9A68263F2016009F2601 /* Assets.xcassets */; };
		953A9A6C263F2016009F2601 /* LaunchScreen.storyboard in Resources */ = {isa = PBXBuildFile; fileRef = 953A9A6A263F2016009F2601 /* LaunchScreen.storyboard */; };
		953A9A75263F20C1009F2601 /* RxSwift in Frameworks */ = {isa = PBXBuildFile; productRef = 953A9A74263F20C1009F2601 /* RxSwift */; };
		953A9A79263F20C1009F2601 /* RxRelay in Frameworks */ = {isa = PBXBuildFile; productRef = 953A9A78263F20C1009F2601 /* RxRelay */; };
		953A9A7B263F20C1009F2601 /* RxCocoa in Frameworks */ = {isa = PBXBuildFile; productRef = 953A9A7A263F20C1009F2601 /* RxCocoa */; };
		953A9A7D263F20C1009F2601 /* RxBlocking in Frameworks */ = {isa = PBXBuildFile; productRef = 953A9A7C263F20C1009F2601 /* RxBlocking */; };
/* End PBXBuildFile section */

/* Begin PBXFileReference section */
		953A9A5C263F2014009F2601 /* RXSwiftProject.app */ = {isa = PBXFileReference; explicitFileType = wrapper.application; includeInIndex = 0; path = RXSwiftProject.app; sourceTree = BUILT_PRODUCTS_DIR; };
		953A9A5F263F2014009F2601 /* AppDelegate.swift */ = {isa = PBXFileReference; lastKnownFileType = sourcecode.swift; path = AppDelegate.swift; sourceTree = "<group>"; };
		953A9A61263F2014009F2601 /* SceneDelegate.swift */ = {isa = PBXFileReference; lastKnownFileType = sourcecode.swift; path = SceneDelegate.swift; sourceTree = "<group>"; };
		953A9A63263F2014009F2601 /* ViewController.swift */ = {isa = PBXFileReference; lastKnownFileType = sourcecode.swift; path = ViewController.swift; sourceTree = "<group>"; };
		953A9A66263F2014009F2601 /* Base */ = {isa = PBXFileReference; lastKnownFileType = file.storyboard; name = Base; path = Base.lproj/Main.storyboard; sourceTree = "<group>"; };
		953A9A68263F2016009F2601 /* Assets.xcassets */ = {isa = PBXFileReference; lastKnownFileType = folder.assetcatalog; path = Assets.xcassets; sourceTree = "<group>"; };
		953A9A6B263F2016009F2601 /* Base */ = {isa = PBXFileReference; lastKnownFileType = file.storyboard; name = Base; path = Base.lproj/LaunchScreen.storyboard; sourceTree = "<group>"; };
		953A9A6D263F2016009F2601 /* Info.plist */ = {isa = PBXFileReference; lastKnownFileType = text.plist.xml; path = Info.plist; sourceTree = "<group>"; };
/* End PBXFileReference section */

/* Begin PBXFrameworksBuildPhase section */
		953A9A59263F2014009F2601 /* Frameworks */ = {
			isa = PBXFrameworksBuildPhase;
			buildActionMask = 2147483647;
			files = (
				953A9A79263F20C1009F2601 /* RxRelay in Frameworks */,
				953A9A7B263F20C1009F2601 /* RxCocoa in Frameworks */,
				953A9A75263F20C1009F2601 /* RxSwift in Frameworks */,
				953A9A7D263F20C1009F2601 /* RxBlocking in Frameworks */,
			);
			runOnlyForDeploymentPostprocessing = 0;
		};
/* End PBXFrameworksBuildPhase section */

/* Begin PBXGroup section */
		953A9A53263F2014009F2601 = {
			isa = PBXGroup;
			children = (
				953A9A5E263F2014009F2601 /* RXSwiftProject */,
				953A9A5D263F2014009F2601 /* Products */,
			);
			sourceTree = "<group>";
		};
		953A9A5D263F2014009F2601 /* Products */ = {
			isa = PBXGroup;
			children = (
				953A9A5C263F2014009F2601 /* RXSwiftProject.app */,
			);
			name = Products;
			sourceTree = "<group>";
		};
		953A9A5E263F2014009F2601 /* RXSwiftProject */ = {
			isa = PBXGroup;
			children = (
				953A9A5F263F2014009F2601 /* AppDelegate.swift */,
				953A9A61263F2014009F2601 /* SceneDelegate.swift */,
				953A9A63263F2014009F2601 /* ViewController.swift */,
				953A9A65263F2014009F2601 /* Main.storyboard */,
				953A9A68263F2016009F2601 /* Assets.xcassets */,
				953A9A6A263F2016009F2601 /* LaunchScreen.storyboard */,
				953A9A6D263F2016009F2601 /* Info.plist */,
			);
			path = RXSwiftProject;
			sourceTree = "<group>";
		};
/* End PBXGroup section */

/* Begin PBXNativeTarget section */
		953A9A5B263F2014009F2601 /* RXSwiftProject */ = {
			isa = PBXNativeTarget;
			buildConfigurationList = 953A9A70263F2016009F2601 /* Build configuration list for PBXNativeTarget "RXSwiftProject" */;
			buildPhases = (
				953A9A58263F2014009F2601 /* Sources */,
				953A9A59263F2014009F2601 /* Frameworks */,
				953A9A5A263F2014009F2601 /* Resources */,
			);
			buildRules = (
			);
			dependencies = (
			);
			name = RXSwiftProject;
			packageProductDependencies = (
				953A9A74263F20C1009F2601 /* RxSwift */,
				953A9A78263F20C1009F2601 /* RxRelay */,
				953A9A7A263F20C1009F2601 /* RxCocoa */,
				953A9A7C263F20C1009F2601 /* RxBlocking */,
			);
			productName = RXSwiftProject;
			productReference = 953A9A5C263F2014009F2601 /* RXSwiftProject.app */;
			productType = "com.apple.product-type.application";
		};
/* End PBXNativeTarget section */

/* Begin PBXProject section */
		953A9A54263F2014009F2601 /* Project object */ = {
			isa = PBXProject;
			attributes = {
				LastSwiftUpdateCheck = 1250;
				LastUpgradeCheck = 1250;
				TargetAttributes = {
					953A9A5B263F2014009F2601 = {
						CreatedOnToolsVersion = 12.5;
					};
				};
			};
			buildConfigurationList = 953A9A57263F2014009F2601 /* Build configuration list for PBXProject "RXSwiftProject" */;
			compatibilityVersion = "Xcode 9.3";
			developmentRegion = en;
			hasScannedForEncodings = 0;
			knownRegions = (
				en,
				Base,
			);
			mainGroup = 953A9A53263F2014009F2601;
			packageReferences = (
				953A9A73263F20C1009F2601 /* XCRemoteSwiftPackageReference "RxSwift" */,
			);
			productRefGroup = 953A9A5D263F2014009F2601 /* Products */;
			projectDirPath = "";
			projectRoot = "";
			targets = (
				953A9A5B263F2014009F2601 /* RXSwiftProject */,
			);
		};
/* End PBXProject section */

/* Begin PBXResourcesBuildPhase section */
		953A9A5A263F2014009F2601 /* Resources */ = {
			isa = PBXResourcesBuildPhase;
			buildActionMask = 2147483647;
			files = (
				953A9A6C263F2016009F2601 /* LaunchScreen.storyboard in Resources */,
				953A9A69263F2016009F2601 /* Assets.xcassets in Resources */,
				953A9A67263F2014009F2601 /* Main.storyboard in Resources */,
			);
			runOnlyForDeploymentPostprocessing = 0;
		};
/* End PBXResourcesBuildPhase section */

/* Begin PBXSourcesBuildPhase section */
		953A9A58263F2014009F2601 /* Sources */ = {
			isa = PBXSourcesBuildPhase;
			buildActionMask = 2147483647;
			files = (
				953A9A64263F2014009F2601 /* ViewController.swift in Sources */,
				953A9A60263F2014009F2601 /* AppDelegate.swift in Sources */,
				953A9A62263F2014009F2601 /* SceneDelegate.swift in Sources */,
			);
			runOnlyForDeploymentPostprocessing = 0;
		};
/* End PBXSourcesBuildPhase section */

/* Begin PBXVariantGroup section */
		953A9A65263F2014009F2601 /* Main.storyboard */ = {
			isa = PBXVariantGroup;
			children = (
				953A9A66263F2014009F2601 /* Base */,
			);
			name = Main.storyboard;
			sourceTree = "<group>";
		};
		953A9A6A263F2016009F2601 /* LaunchScreen.storyboard */ = {
			isa = PBXVariantGroup;
			children = (
				953A9A6B263F2016009F2601 /* Base */,
			);
			name = LaunchScreen.storyboard;
			sourceTree = "<group>";
		};
/* End PBXVariantGroup section */

/* Begin XCBuildConfiguration section */
		953A9A6E263F2016009F2601 /* Debug */ = {
			isa = XCBuildConfiguration;
			buildSettings = {
				ALWAYS_SEARCH_USER_PATHS = NO;
				CLANG_ANALYZER_NONNULL = YES;
				CLANG_ANALYZER_NUMBER_OBJECT_CONVERSION = YES_AGGRESSIVE;
				CLANG_CXX_LANGUAGE_STANDARD = "gnu++14";
				CLANG_CXX_LIBRARY = "libc++";
				CLANG_ENABLE_MODULES = YES;
				CLANG_ENABLE_OBJC_ARC = YES;
				CLANG_ENABLE_OBJC_WEAK = YES;
				CLANG_WARN_BLOCK_CAPTURE_AUTORELEASING = YES;
				CLANG_WARN_BOOL_CONVERSION = YES;
				CLANG_WARN_COMMA = YES;
				CLANG_WARN_CONSTANT_CONVERSION = YES;
				CLANG_WARN_DEPRECATED_OBJC_IMPLEMENTATIONS = YES;
				CLANG_WARN_DIRECT_OBJC_ISA_USAGE = YES_ERROR;
				CLANG_WARN_DOCUMENTATION_COMMENTS = YES;
				CLANG_WARN_EMPTY_BODY = YES;
				CLANG_WARN_ENUM_CONVERSION = YES;
				CLANG_WARN_INFINITE_RECURSION = YES;
				CLANG_WARN_INT_CONVERSION = YES;
				CLANG_WARN_NON_LITERAL_NULL_CONVERSION = YES;
				CLANG_WARN_OBJC_IMPLICIT_RETAIN_SELF = YES;
				CLANG_WARN_OBJC_LITERAL_CONVERSION = YES;
				CLANG_WARN_OBJC_ROOT_CLASS = YES_ERROR;
				CLANG_WARN_QUOTED_INCLUDE_IN_FRAMEWORK_HEADER = YES;
				CLANG_WARN_RANGE_LOOP_ANALYSIS = YES;
				CLANG_WARN_STRICT_PROTOTYPES = YES;
				CLANG_WARN_SUSPICIOUS_MOVE = YES;
				CLANG_WARN_UNGUARDED_AVAILABILITY = YES_AGGRESSIVE;
				CLANG_WARN_UNREACHABLE_CODE = YES;
				CLANG_WARN__DUPLICATE_METHOD_MATCH = YES;
				COPY_PHASE_STRIP = NO;
				DEBUG_INFORMATION_FORMAT = dwarf;
				ENABLE_STRICT_OBJC_MSGSEND = YES;
				ENABLE_TESTABILITY = YES;
				GCC_C_LANGUAGE_STANDARD = gnu11;
				GCC_DYNAMIC_NO_PIC = NO;
				GCC_NO_COMMON_BLOCKS = YES;
				GCC_OPTIMIZATION_LEVEL = 0;
				GCC_PREPROCESSOR_DEFINITIONS = (
					"DEBUG=1",
					"$(inherited)",
				);
				GCC_WARN_64_TO_32_BIT_CONVERSION = YES;
				GCC_WARN_ABOUT_RETURN_TYPE = YES_ERROR;
				GCC_WARN_UNDECLARED_SELECTOR = YES;
				GCC_WARN_UNINITIALIZED_AUTOS = YES_AGGRESSIVE;
				GCC_WARN_UNUSED_FUNCTION = YES;
				GCC_WARN_UNUSED_VARIABLE = YES;
				IPHONEOS_DEPLOYMENT_TARGET = 14.5;
				MTL_ENABLE_DEBUG_INFO = INCLUDE_SOURCE;
				MTL_FAST_MATH = YES;
				ONLY_ACTIVE_ARCH = YES;
				SDKROOT = iphoneos;
				SWIFT_ACTIVE_COMPILATION_CONDITIONS = DEBUG;
				SWIFT_OPTIMIZATION_LEVEL = "-Onone";
			};
			name = Debug;
		};
		953A9A6F263F2016009F2601 /* Release */ = {
			isa = XCBuildConfiguration;
			buildSettings = {
				ALWAYS_SEARCH_USER_PATHS = NO;
				CLANG_ANALYZER_NONNULL = YES;
				CLANG_ANALYZER_NUMBER_OBJECT_CONVERSION = YES_AGGRESSIVE;
				CLANG_CXX_LANGUAGE_STANDARD = "gnu++14";
				CLANG_CXX_LIBRARY = "libc++";
				CLANG_ENABLE_MODULES = YES;
				CLANG_ENABLE_OBJC_ARC = YES;
				CLANG_ENABLE_OBJC_WEAK = YES;
				CLANG_WARN_BLOCK_CAPTURE_AUTORELEASING = YES;
				CLANG_WARN_BOOL_CONVERSION = YES;
				CLANG_WARN_COMMA = YES;
				CLANG_WARN_CONSTANT_CONVERSION = YES;
				CLANG_WARN_DEPRECATED_OBJC_IMPLEMENTATIONS = YES;
				CLANG_WARN_DIRECT_OBJC_ISA_USAGE = YES_ERROR;
				CLANG_WARN_DOCUMENTATION_COMMENTS = YES;
				CLANG_WARN_EMPTY_BODY = YES;
				CLANG_WARN_ENUM_CONVERSION = YES;
				CLANG_WARN_INFINITE_RECURSION = YES;
				CLANG_WARN_INT_CONVERSION = YES;
				CLANG_WARN_NON_LITERAL_NULL_CONVERSION = YES;
				CLANG_WARN_OBJC_IMPLICIT_RETAIN_SELF = YES;
				CLANG_WARN_OBJC_LITERAL_CONVERSION = YES;
				CLANG_WARN_OBJC_ROOT_CLASS = YES_ERROR;
				CLANG_WARN_QUOTED_INCLUDE_IN_FRAMEWORK_HEADER = YES;
				CLANG_WARN_RANGE_LOOP_ANALYSIS = YES;
				CLANG_WARN_STRICT_PROTOTYPES = YES;
				CLANG_WARN_SUSPICIOUS_MOVE = YES;
				CLANG_WARN_UNGUARDED_AVAILABILITY = YES_AGGRESSIVE;
				CLANG_WARN_UNREACHABLE_CODE = YES;
				CLANG_WARN__DUPLICATE_METHOD_MATCH = YES;
				COPY_PHASE_STRIP = NO;
				DEBUG_INFORMATION_FORMAT = "dwarf-with-dsym";
				ENABLE_NS_ASSERTIONS = NO;
				ENABLE_STRICT_OBJC_MSGSEND = YES;
				GCC_C_LANGUAGE_STANDARD = gnu11;
				GCC_NO_COMMON_BLOCKS = YES;
				GCC_WARN_64_TO_32_BIT_CONVERSION = YES;
				GCC_WARN_ABOUT_RETURN_TYPE = YES_ERROR;
				GCC_WARN_UNDECLARED_SELECTOR = YES;
				GCC_WARN_UNINITIALIZED_AUTOS = YES_AGGRESSIVE;
				GCC_WARN_UNUSED_FUNCTION = YES;
				GCC_WARN_UNUSED_VARIABLE = YES;
				IPHONEOS_DEPLOYMENT_TARGET = 14.5;
				MTL_ENABLE_DEBUG_INFO = NO;
				MTL_FAST_MATH = YES;
				SDKROOT = iphoneos;
				SWIFT_COMPILATION_MODE = wholemodule;
				SWIFT_OPTIMIZATION_LEVEL = "-O";
				VALIDATE_PRODUCT = YES;
			};
			name = Release;
		};
		953A9A71263F2016009F2601 /* Debug */ = {
			isa = XCBuildConfiguration;
			buildSettings = {
				ASSETCATALOG_COMPILER_APPICON_NAME = AppIcon;
				ASSETCATALOG_COMPILER_GLOBAL_ACCENT_COLOR_NAME = AccentColor;
				CODE_SIGN_STYLE = Automatic;
				DEVELOPMENT_TEAM = L8W86DZDY2;
				INFOPLIST_FILE = RXSwiftProject/Info.plist;
				LD_RUNPATH_SEARCH_PATHS = (
					"$(inherited)",
					"@executable_path/Frameworks",
				);
				PRODUCT_BUNDLE_IDENTIFIER = com.ri.RXSwiftProject;
				PRODUCT_NAME = "$(TARGET_NAME)";
				SWIFT_VERSION = 5.0;
				TARGETED_DEVICE_FAMILY = "1,2";
			};
			name = Debug;
		};
		953A9A72263F2016009F2601 /* Release */ = {
			isa = XCBuildConfiguration;
			buildSettings = {
				ASSETCATALOG_COMPILER_APPICON_NAME = AppIcon;
				ASSETCATALOG_COMPILER_GLOBAL_ACCENT_COLOR_NAME = AccentColor;
				CODE_SIGN_STYLE = Automatic;
				DEVELOPMENT_TEAM = L8W86DZDY2;
				INFOPLIST_FILE = RXSwiftProject/Info.plist;
				LD_RUNPATH_SEARCH_PATHS = (
					"$(inherited)",
					"@executable_path/Frameworks",
				);
				PRODUCT_BUNDLE_IDENTIFIER = com.ri.RXSwiftProject;
				PRODUCT_NAME = "$(TARGET_NAME)";
				SWIFT_VERSION = 5.0;
				TARGETED_DEVICE_FAMILY = "1,2";
			};
			name = Release;
		};
/* End XCBuildConfiguration section */

/* Begin XCConfigurationList section */
		953A9A57263F2014009F2601 /* Build configuration list for PBXProject "RXSwiftProject" */ = {
			isa = XCConfigurationList;
			buildConfigurations = (
				953A9A6E263F2016009F2601 /* Debug */,
				953A9A6F263F2016009F2601 /* Release */,
			);
			defaultConfigurationIsVisible = 0;
			defaultConfigurationName = Release;
		};
		953A9A70263F2016009F2601 /* Build configuration list for PBXNativeTarget "RXSwiftProject" */ = {
			isa = XCConfigurationList;
			buildConfigurations = (
				953A9A71263F2016009F2601 /* Debug */,
				953A9A72263F2016009F2601 /* Release */,
			);
			defaultConfigurationIsVisible = 0;
			defaultConfigurationName = Release;
		};
/* End XCConfigurationList section */

/* Begin XCRemoteSwiftPackageReference section */
		953A9A73263F20C1009F2601 /* XCRemoteSwiftPackageReference "RxSwift" */ = {
			isa = XCRemoteSwiftPackageReference;
			repositoryURL = "https://github.com/ReactiveX/RxSwift.git";
			requirement = {
				kind = upToNextMajorVersion;
				minimumVersion = 6.1.0;
			};
		};
/* End XCRemoteSwiftPackageReference section */

/* Begin XCSwiftPackageProductDependency section */
		953A9A74263F20C1009F2601 /* RxSwift */ = {
			isa = XCSwiftPackageProductDependency;
			package = 953A9A73263F20C1009F2601 /* XCRemoteSwiftPackageReference "RxSwift" */;
			productName = RxSwift;
		};
		953A9A78263F20C1009F2601 /* RxRelay */ = {
			isa = XCSwiftPackageProductDependency;
			package = 953A9A73263F20C1009F2601 /* XCRemoteSwiftPackageReference "RxSwift" */;
			productName = RxRelay;
		};
		953A9A7A263F20C1009F2601 /* RxCocoa */ = {
			isa = XCSwiftPackageProductDependency;
			package = 953A9A73263F20C1009F2601 /* XCRemoteSwiftPackageReference "RxSwift" */;
			productName = RxCocoa;
		};
		953A9A7C263F20C1009F2601 /* RxBlocking */ = {
			isa = XCSwiftPackageProductDependency;
			package = 953A9A73263F20C1009F2601 /* XCRemoteSwiftPackageReference "RxSwift" */;
			productName = RxBlocking;
		};
/* End XCSwiftPackageProductDependency section */
	};
	rootObject = 953A9A54263F2014009F2601 /* Project object */;
}
